
Microsoft Visual Studio Solution File, Format Version 12.00
# Visual Studio Version 17
VisualStudioVersion = 17.9.34728.123
MinimumVisualStudioVersion = 10.0.40219.1
Project("{FAE04EC0-301F-11D3-BF4B-00C04F79EFBC}") = "User.Service", "User.Service\User.Service.csproj", "{F7516BB2-D71D-42F0-AEF7-04A08D32DC10}"
EndProject
Project("{FAE04EC0-301F-11D3-BF4B-00C04F79EFBC}") = "User.DataAccess", "User.DataAccess\User.DataAccess.csproj", "{6C76AC02-1CA3-4350-B40C-0967672CED9A}"
EndProject
Global
	GlobalSection(SolutionConfigurationPlatforms) = preSolution
		Debug|Any CPU = Debug|Any CPU
		Release|Any CPU = Release|Any CPU
	EndGlobalSection
	GlobalSection(ProjectConfigurationPlatforms) = postSolution
		{F7516BB2-D71D-42F0-AEF7-04A08D32DC10}.Debug|Any CPU.ActiveCfg = Debug|Any CPU
		{F7516BB2-D71D-42F0-AEF7-04A08D32DC10}.Debug|Any CPU.Build.0 = Debug|Any CPU
		{F7516BB2-D71D-42F0-AEF7-04A08D32DC10}.Release|Any CPU.ActiveCfg = Release|Any CPU
		{F7516BB2-D71D-42F0-AEF7-04A08D32DC10}.Release|Any CPU.Build.0 = Release|Any CPU
		{6C76AC02-1CA3-4350-B40C-0967672CED9A}.Debug|Any CPU.ActiveCfg = Debug|Any CPU
		{6C76AC02-1CA3-4350-B40C-0967672CED9A}.Debug|Any CPU.Build.0 = Debug|Any CPU
		{6C76AC02-1CA3-4350-B40C-0967672CED9A}.Release|Any CPU.ActiveCfg = Release|Any CPU
		{6C76AC02-1CA3-4350-B40C-0967672CED9A}.Release|Any CPU.Build.0 = Release|Any CPU
	EndGlobalSection
	GlobalSection(SolutionProperties) = preSolution
		HideSolutionNode = FALSE
	EndGlobalSection
	GlobalSection(ExtensibilityGlobals) = postSolution
		SolutionGuid = {CE6030BF-B610-4C4B-AF56-119AA4D4C956}
	EndGlobalSection
EndGlobal
